
Microsoft Visual Studio Solution File, Format Version 12.00
# Visual Studio 15
VisualStudioVersion = 15.0.26124.0
MinimumVisualStudioVersion = 15.0.26124.0
Project("{FAE04EC0-301F-11D3-BF4B-00C04F79EFBC}") = "EscapeRoute", "EscapeRoute\EscapeRoute.csproj", "{8A547247-AD96-4BD9-85D6-15C6AB8F255E}"
EndProject
Project("{FAE04EC0-301F-11D3-BF4B-00C04F79EFBC}") = "EscapeRoute.Test", "EscapeRoute.Test\EscapeRoute.Test.csproj", "{DAFBE27F-E135-4E8A-9CBD-43B35D3AF079}"
EndProject
Project("{FAE04EC0-301F-11D3-BF4B-00C04F79EFBC}") = "EscapeRoute.Abstractions", "EscapeRoute.Abstractions\EscapeRoute.Abstractions.csproj", "{F392D2E0-65C0-43F4-88E7-CC9D7AA44725}"
EndProject
Global
	GlobalSection(SolutionConfigurationPlatforms) = preSolution
		Debug|Any CPU = Debug|Any CPU
		Debug|x64 = Debug|x64
		Debug|x86 = Debug|x86
		Release|Any CPU = Release|Any CPU
		Release|x64 = Release|x64
		Release|x86 = Release|x86
	EndGlobalSection
	GlobalSection(SolutionProperties) = preSolution
		HideSolutionNode = FALSE
	EndGlobalSection
	GlobalSection(ProjectConfigurationPlatforms) = postSolution
		{8A547247-AD96-4BD9-85D6-15C6AB8F255E}.Debug|Any CPU.ActiveCfg = Debug|Any CPU
		{8A547247-AD96-4BD9-85D6-15C6AB8F255E}.Debug|Any CPU.Build.0 = Debug|Any CPU
		{8A547247-AD96-4BD9-85D6-15C6AB8F255E}.Debug|x64.ActiveCfg = Debug|Any CPU
		{8A547247-AD96-4BD9-85D6-15C6AB8F255E}.Debug|x64.Build.0 = Debug|Any CPU
		{8A547247-AD96-4BD9-85D6-15C6AB8F255E}.Debug|x86.ActiveCfg = Debug|Any CPU
		{8A547247-AD96-4BD9-85D6-15C6AB8F255E}.Debug|x86.Build.0 = Debug|Any CPU
		{8A547247-AD96-4BD9-85D6-15C6AB8F255E}.Release|Any CPU.ActiveCfg = Release|Any CPU
		{8A547247-AD96-4BD9-85D6-15C6AB8F255E}.Release|Any CPU.Build.0 = Release|Any CPU
		{8A547247-AD96-4BD9-85D6-15C6AB8F255E}.Release|x64.ActiveCfg = Release|Any CPU
		{8A547247-AD96-4BD9-85D6-15C6AB8F255E}.Release|x64.Build.0 = Release|Any CPU
		{8A547247-AD96-4BD9-85D6-15C6AB8F255E}.Release|x86.ActiveCfg = Release|Any CPU
		{8A547247-AD96-4BD9-85D6-15C6AB8F255E}.Release|x86.Build.0 = Release|Any CPU
		{DAFBE27F-E135-4E8A-9CBD-43B35D3AF079}.Debug|Any CPU.ActiveCfg = Debug|Any CPU
		{DAFBE27F-E135-4E8A-9CBD-43B35D3AF079}.Debug|Any CPU.Build.0 = Debug|Any CPU
		{DAFBE27F-E135-4E8A-9CBD-43B35D3AF079}.Debug|x64.ActiveCfg = Debug|Any CPU
		{DAFBE27F-E135-4E8A-9CBD-43B35D3AF079}.Debug|x64.Build.0 = Debug|Any CPU
		{DAFBE27F-E135-4E8A-9CBD-43B35D3AF079}.Debug|x86.ActiveCfg = Debug|Any CPU
		{DAFBE27F-E135-4E8A-9CBD-43B35D3AF079}.Debug|x86.Build.0 = Debug|Any CPU
		{DAFBE27F-E135-4E8A-9CBD-43B35D3AF079}.Release|Any CPU.ActiveCfg = Release|Any CPU
		{DAFBE27F-E135-4E8A-9CBD-43B35D3AF079}.Release|Any CPU.Build.0 = Release|Any CPU
		{DAFBE27F-E135-4E8A-9CBD-43B35D3AF079}.Release|x64.ActiveCfg = Release|Any CPU
		{DAFBE27F-E135-4E8A-9CBD-43B35D3AF079}.Release|x64.Build.0 = Release|Any CPU
		{DAFBE27F-E135-4E8A-9CBD-43B35D3AF079}.Release|x86.ActiveCfg = Release|Any CPU
		{DAFBE27F-E135-4E8A-9CBD-43B35D3AF079}.Release|x86.Build.0 = Release|Any CPU
		{F392D2E0-65C0-43F4-88E7-CC9D7AA44725}.Debug|Any CPU.ActiveCfg = Debug|Any CPU
		{F392D2E0-65C0-43F4-88E7-CC9D7AA44725}.Debug|Any CPU.Build.0 = Debug|Any CPU
		{F392D2E0-65C0-43F4-88E7-CC9D7AA44725}.Debug|x64.ActiveCfg = Debug|Any CPU
		{F392D2E0-65C0-43F4-88E7-CC9D7AA44725}.Debug|x64.Build.0 = Debug|Any CPU
		{F392D2E0-65C0-43F4-88E7-CC9D7AA44725}.Debug|x86.ActiveCfg = Debug|Any CPU
		{F392D2E0-65C0-43F4-88E7-CC9D7AA44725}.Debug|x86.Build.0 = Debug|Any CPU
		{F392D2E0-65C0-43F4-88E7-CC9D7AA44725}.Release|Any CPU.ActiveCfg = Release|Any CPU
		{F392D2E0-65C0-43F4-88E7-CC9D7AA44725}.Release|Any CPU.Build.0 = Release|Any CPU
		{F392D2E0-65C0-43F4-88E7-CC9D7AA44725}.Release|x64.ActiveCfg = Release|Any CPU
		{F392D2E0-65C0-43F4-88E7-CC9D7AA44725}.Release|x64.Build.0 = Release|Any CPU
		{F392D2E0-65C0-43F4-88E7-CC9D7AA44725}.Release|x86.ActiveCfg = Release|Any CPU
		{F392D2E0-65C0-43F4-88E7-CC9D7AA44725}.Release|x86.Build.0 = Release|Any CPU
	EndGlobalSection
	GlobalSection(NestedProjects) = preSolution
	EndGlobalSection
EndGlobal
